
Microsoft Visual Studio Solution File, Format Version 12.00
# Visual Studio Version 17
VisualStudioVersion = 17.2.32630.192
MinimumVisualStudioVersion = 10.0.40219.1
Project("{9A19103F-16F7-4668-BE54-9A1E7A4F7556}") = "ArchitectureWebCoreApi", "ArchitectureWebCoreApi\ArchitectureWebCoreApi.csproj", "{4175EEA6-2940-4475-BDE0-A1A7ED0E9400}"
EndProject
Project("{2150E333-8FDC-42A3-9474-1A3956D46DE8}") = "DA", "DA", "{104F8739-4772-49B5-B661-B89CD3BEC4DC}"
EndProject
Project("{2150E333-8FDC-42A3-9474-1A3956D46DE8}") = "Core", "Core", "{172BE41A-0DBC-410A-A2FC-EF47C734D686}"
EndProject
Project("{2150E333-8FDC-42A3-9474-1A3956D46DE8}") = "BL", "BL", "{3D13A0C7-3B15-4F9F-8947-50C6F0C28D10}"
EndProject
Project("{FAE04EC0-301F-11D3-BF4B-00C04F79EFBC}") = "ProjectDatabase", "ProjectDatabase\ProjectDatabase.csproj", "{3A067B3B-4DCC-4E9C-A8B0-EF3497500247}"
EndProject
Project("{FAE04EC0-301F-11D3-BF4B-00C04F79EFBC}") = "DA.Messages", "DA.Messages\DA.Messages.csproj", "{30A892F5-33EE-44D0-A56E-F9446AA63275}"
EndProject
Project("{FAE04EC0-301F-11D3-BF4B-00C04F79EFBC}") = "DA.Users", "DA.Users\DA.Users.csproj", "{63C2F50D-3F73-4095-8456-C779D130476F}"
EndProject
Project("{FAE04EC0-301F-11D3-BF4B-00C04F79EFBC}") = "Core", "Core\Core.csproj", "{2768F9C0-BB1D-4034-BBBC-50FA5DD7504B}"
EndProject
Project("{FAE04EC0-301F-11D3-BF4B-00C04F79EFBC}") = "BL.Users", "BL.Users\BL.Users.csproj", "{2EE7A1AF-AC6D-46AB-8A59-04EC52411FAD}"
EndProject
Project("{FAE04EC0-301F-11D3-BF4B-00C04F79EFBC}") = "BL.Messages", "BL.Messages\BL.Messages.csproj", "{29069163-05E7-4CF9-B3F6-58B1642B1376}"
EndProject
Global
	GlobalSection(SolutionConfigurationPlatforms) = preSolution
		Debug|Any CPU = Debug|Any CPU
		Release|Any CPU = Release|Any CPU
	EndGlobalSection
	GlobalSection(ProjectConfigurationPlatforms) = postSolution
		{4175EEA6-2940-4475-BDE0-A1A7ED0E9400}.Debug|Any CPU.ActiveCfg = Debug|Any CPU
		{4175EEA6-2940-4475-BDE0-A1A7ED0E9400}.Debug|Any CPU.Build.0 = Debug|Any CPU
		{4175EEA6-2940-4475-BDE0-A1A7ED0E9400}.Release|Any CPU.ActiveCfg = Release|Any CPU
		{4175EEA6-2940-4475-BDE0-A1A7ED0E9400}.Release|Any CPU.Build.0 = Release|Any CPU
		{3A067B3B-4DCC-4E9C-A8B0-EF3497500247}.Debug|Any CPU.ActiveCfg = Debug|Any CPU
		{3A067B3B-4DCC-4E9C-A8B0-EF3497500247}.Debug|Any CPU.Build.0 = Debug|Any CPU
		{3A067B3B-4DCC-4E9C-A8B0-EF3497500247}.Release|Any CPU.ActiveCfg = Release|Any CPU
		{3A067B3B-4DCC-4E9C-A8B0-EF3497500247}.Release|Any CPU.Build.0 = Release|Any CPU
		{30A892F5-33EE-44D0-A56E-F9446AA63275}.Debug|Any CPU.ActiveCfg = Debug|Any CPU
		{30A892F5-33EE-44D0-A56E-F9446AA63275}.Debug|Any CPU.Build.0 = Debug|Any CPU
		{30A892F5-33EE-44D0-A56E-F9446AA63275}.Release|Any CPU.ActiveCfg = Release|Any CPU
		{30A892F5-33EE-44D0-A56E-F9446AA63275}.Release|Any CPU.Build.0 = Release|Any CPU
		{63C2F50D-3F73-4095-8456-C779D130476F}.Debug|Any CPU.ActiveCfg = Debug|Any CPU
		{63C2F50D-3F73-4095-8456-C779D130476F}.Debug|Any CPU.Build.0 = Debug|Any CPU
		{63C2F50D-3F73-4095-8456-C779D130476F}.Release|Any CPU.ActiveCfg = Release|Any CPU
		{63C2F50D-3F73-4095-8456-C779D130476F}.Release|Any CPU.Build.0 = Release|Any CPU
		{2768F9C0-BB1D-4034-BBBC-50FA5DD7504B}.Debug|Any CPU.ActiveCfg = Debug|Any CPU
		{2768F9C0-BB1D-4034-BBBC-50FA5DD7504B}.Debug|Any CPU.Build.0 = Debug|Any CPU
		{2768F9C0-BB1D-4034-BBBC-50FA5DD7504B}.Release|Any CPU.ActiveCfg = Release|Any CPU
		{2768F9C0-BB1D-4034-BBBC-50FA5DD7504B}.Release|Any CPU.Build.0 = Release|Any CPU
		{2EE7A1AF-AC6D-46AB-8A59-04EC52411FAD}.Debug|Any CPU.ActiveCfg = Debug|Any CPU
		{2EE7A1AF-AC6D-46AB-8A59-04EC52411FAD}.Debug|Any CPU.Build.0 = Debug|Any CPU
		{2EE7A1AF-AC6D-46AB-8A59-04EC52411FAD}.Release|Any CPU.ActiveCfg = Release|Any CPU
		{2EE7A1AF-AC6D-46AB-8A59-04EC52411FAD}.Release|Any CPU.Build.0 = Release|Any CPU
		{29069163-05E7-4CF9-B3F6-58B1642B1376}.Debug|Any CPU.ActiveCfg = Debug|Any CPU
		{29069163-05E7-4CF9-B3F6-58B1642B1376}.Debug|Any CPU.Build.0 = Debug|Any CPU
		{29069163-05E7-4CF9-B3F6-58B1642B1376}.Release|Any CPU.ActiveCfg = Release|Any CPU
		{29069163-05E7-4CF9-B3F6-58B1642B1376}.Release|Any CPU.Build.0 = Release|Any CPU
	EndGlobalSection
	GlobalSection(SolutionProperties) = preSolution
		HideSolutionNode = FALSE
	EndGlobalSection
	GlobalSection(NestedProjects) = preSolution
		{3A067B3B-4DCC-4E9C-A8B0-EF3497500247} = {104F8739-4772-49B5-B661-B89CD3BEC4DC}
		{30A892F5-33EE-44D0-A56E-F9446AA63275} = {104F8739-4772-49B5-B661-B89CD3BEC4DC}
		{63C2F50D-3F73-4095-8456-C779D130476F} = {104F8739-4772-49B5-B661-B89CD3BEC4DC}
		{2768F9C0-BB1D-4034-BBBC-50FA5DD7504B} = {172BE41A-0DBC-410A-A2FC-EF47C734D686}
		{2EE7A1AF-AC6D-46AB-8A59-04EC52411FAD} = {3D13A0C7-3B15-4F9F-8947-50C6F0C28D10}
		{29069163-05E7-4CF9-B3F6-58B1642B1376} = {3D13A0C7-3B15-4F9F-8947-50C6F0C28D10}
	EndGlobalSection
	GlobalSection(ExtensibilityGlobals) = postSolution
		SolutionGuid = {7E2E507E-A10C-4C21-A8D0-2F9C7AB025D1}
	EndGlobalSection
EndGlobal
